
Microsoft Visual Studio Solution File, Format Version 12.00
# Visual Studio Version 17
VisualStudioVersion = 17.5.33530.505
MinimumVisualStudioVersion = 10.0.40219.1
Project("{9A19103F-16F7-4668-BE54-9A1E7A4F7556}") = "MedPlus.Web.Api", "MedPlus.Web.Api\MedPlus.Web.Api.csproj", "{AFF32A47-F9C9-49C0-8315-1FB9AFB2C611}"
EndProject
Project("{FAE04EC0-301F-11D3-BF4B-00C04F79EFBC}") = "MedPlus.DataAcess", "MedPlus.DataAcess\MedPlus.DataAcess.csproj", "{EF989CF0-ABF7-41DA-BE50-7695D6064F1A}"
EndProject
Global
	GlobalSection(SolutionConfigurationPlatforms) = preSolution
		Debug|Any CPU = Debug|Any CPU
		Release|Any CPU = Release|Any CPU
	EndGlobalSection
	GlobalSection(ProjectConfigurationPlatforms) = postSolution
		{AFF32A47-F9C9-49C0-8315-1FB9AFB2C611}.Debug|Any CPU.ActiveCfg = Debug|Any CPU
		{AFF32A47-F9C9-49C0-8315-1FB9AFB2C611}.Debug|Any CPU.Build.0 = Debug|Any CPU
		{AFF32A47-F9C9-49C0-8315-1FB9AFB2C611}.Release|Any CPU.ActiveCfg = Release|Any CPU
		{AFF32A47-F9C9-49C0-8315-1FB9AFB2C611}.Release|Any CPU.Build.0 = Release|Any CPU
		{EF989CF0-ABF7-41DA-BE50-7695D6064F1A}.Debug|Any CPU.ActiveCfg = Debug|Any CPU
		{EF989CF0-ABF7-41DA-BE50-7695D6064F1A}.Debug|Any CPU.Build.0 = Debug|Any CPU
		{EF989CF0-ABF7-41DA-BE50-7695D6064F1A}.Release|Any CPU.ActiveCfg = Release|Any CPU
		{EF989CF0-ABF7-41DA-BE50-7695D6064F1A}.Release|Any CPU.Build.0 = Release|Any CPU
	EndGlobalSection
	GlobalSection(SolutionProperties) = preSolution
		HideSolutionNode = FALSE
	EndGlobalSection
	GlobalSection(ExtensibilityGlobals) = postSolution
		SolutionGuid = {419FA523-9362-4A81-9CBD-EA6541FB2162}
	EndGlobalSection
EndGlobal
